
Microsoft Visual Studio Solution File, Format Version 12.00
# Visual Studio Version 17
VisualStudioVersion = 17.3.32804.467
MinimumVisualStudioVersion = 10.0.40219.1
Project("{FAE04EC0-301F-11D3-BF4B-00C04F79EFBC}") = "Kitaplik_project", "Kitaplik_project\Kitaplik_project.csproj", "{4C66DDF1-DAD3-4FAC-B479-64B1B4877BC3}"
EndProject
Global
	GlobalSection(SolutionConfigurationPlatforms) = preSolution
		Debug|Any CPU = Debug|Any CPU
		Debug|x86 = Debug|x86
		Release|Any CPU = Release|Any CPU
		Release|x86 = Release|x86
	EndGlobalSection
	GlobalSection(ProjectConfigurationPlatforms) = postSolution
		{4C66DDF1-DAD3-4FAC-B479-64B1B4877BC3}.Debug|Any CPU.ActiveCfg = Debug|Any CPU
		{4C66DDF1-DAD3-4FAC-B479-64B1B4877BC3}.Debug|Any CPU.Build.0 = Debug|Any CPU
		{4C66DDF1-DAD3-4FAC-B479-64B1B4877BC3}.Debug|x86.ActiveCfg = Debug|Any CPU
		{4C66DDF1-DAD3-4FAC-B479-64B1B4877BC3}.Debug|x86.Build.0 = Debug|Any CPU
		{4C66DDF1-DAD3-4FAC-B479-64B1B4877BC3}.Release|Any CPU.ActiveCfg = Release|Any CPU
		{4C66DDF1-DAD3-4FAC-B479-64B1B4877BC3}.Release|Any CPU.Build.0 = Release|Any CPU
		{4C66DDF1-DAD3-4FAC-B479-64B1B4877BC3}.Release|x86.ActiveCfg = Release|x86
		{4C66DDF1-DAD3-4FAC-B479-64B1B4877BC3}.Release|x86.Build.0 = Release|x86
	EndGlobalSection
	GlobalSection(SolutionProperties) = preSolution
		HideSolutionNode = FALSE
	EndGlobalSection
	GlobalSection(ExtensibilityGlobals) = postSolution
		SolutionGuid = {63BFA9D2-1954-4276-BA08-9B234D492BC0}
	EndGlobalSection
EndGlobal
